
Microsoft Visual Studio Solution File, Format Version 12.00
# Visual Studio Version 16
VisualStudioVersion = 16.0.30523.141
MinimumVisualStudioVersion = 10.0.40219.1
Project("{8BC9CEB8-8B4A-11D0-8D11-00A0C91BC942}") = "2.21", "2.21\2.21.vcxproj", "{A84BB60E-2413-456F-A8EF-A3108F77163F}"
EndProject
Global
	GlobalSection(SolutionConfigurationPlatforms) = preSolution
		Debug|x64 = Debug|x64
		Debug|x86 = Debug|x86
		Release|x64 = Release|x64
		Release|x86 = Release|x86
	EndGlobalSection
	GlobalSection(ProjectConfigurationPlatforms) = postSolution
		{A84BB60E-2413-456F-A8EF-A3108F77163F}.Debug|x64.ActiveCfg = Debug|x64
		{A84BB60E-2413-456F-A8EF-A3108F77163F}.Debug|x64.Build.0 = Debug|x64
		{A84BB60E-2413-456F-A8EF-A3108F77163F}.Debug|x86.ActiveCfg = Debug|Win32
		{A84BB60E-2413-456F-A8EF-A3108F77163F}.Debug|x86.Build.0 = Debug|Win32
		{A84BB60E-2413-456F-A8EF-A3108F77163F}.Release|x64.ActiveCfg = Release|x64
		{A84BB60E-2413-456F-A8EF-A3108F77163F}.Release|x64.Build.0 = Release|x64
		{A84BB60E-2413-456F-A8EF-A3108F77163F}.Release|x86.ActiveCfg = Release|Win32
		{A84BB60E-2413-456F-A8EF-A3108F77163F}.Release|x86.Build.0 = Release|Win32
	EndGlobalSection
	GlobalSection(SolutionProperties) = preSolution
		HideSolutionNode = FALSE
	EndGlobalSection
	GlobalSection(ExtensibilityGlobals) = postSolution
		SolutionGuid = {496013D0-112F-42D1-AC3E-31F88343112C}
	EndGlobalSection
EndGlobal
